
Microsoft Visual Studio Solution File, Format Version 12.00
# Visual Studio Version 17
VisualStudioVersion = 17.10.35013.160
MinimumVisualStudioVersion = 10.0.40219.1
Project("{FAE04EC0-301F-11D3-BF4B-00C04F79EFBC}") = "DrawOnCanvas", "DrawOnCanvas\DrawOnCanvas.csproj", "{89A03D90-9367-4F40-B158-1E2F50751724}"
EndProject
Global
	GlobalSection(SolutionConfigurationPlatforms) = preSolution
		Debug|Any CPU = Debug|Any CPU
		Release|Any CPU = Release|Any CPU
	EndGlobalSection
	GlobalSection(ProjectConfigurationPlatforms) = postSolution
		{89A03D90-9367-4F40-B158-1E2F50751724}.Debug|Any CPU.ActiveCfg = Debug|Any CPU
		{89A03D90-9367-4F40-B158-1E2F50751724}.Debug|Any CPU.Build.0 = Debug|Any CPU
		{89A03D90-9367-4F40-B158-1E2F50751724}.Release|Any CPU.ActiveCfg = Release|Any CPU
		{89A03D90-9367-4F40-B158-1E2F50751724}.Release|Any CPU.Build.0 = Release|Any CPU
	EndGlobalSection
	GlobalSection(SolutionProperties) = preSolution
		HideSolutionNode = FALSE
	EndGlobalSection
	GlobalSection(ExtensibilityGlobals) = postSolution
		SolutionGuid = {757FDB89-AAF2-42DA-A049-25F87F1FC1E8}
	EndGlobalSection
EndGlobal
